
Microsoft Visual Studio Solution File, Format Version 12.00
# Visual Studio Version 17
VisualStudioVersion = 17.11.35303.130
MinimumVisualStudioVersion = 10.0.40219.1
Project("{8BC9CEB8-8B4A-11D0-8D11-00A0C91BC942}") = "Bolt Game Layer", "Bolt Game Layer\Bolt Game Layer.vcxproj", "{C626832A-286B-4166-AA39-24F5AD5B17E3}"
EndProject
Project("{8BC9CEB8-8B4A-11D0-8D11-00A0C91BC942}") = "Bolt Engine", "Bolt Engine\Bolt Engine.vcxproj", "{D4FB85ED-C50E-465A-B323-36420A990528}"
EndProject
Global
	GlobalSection(SolutionConfigurationPlatforms) = preSolution
		Debug|x64 = Debug|x64
		Debug|x86 = Debug|x86
		Release|x64 = Release|x64
		Release|x86 = Release|x86
	EndGlobalSection
	GlobalSection(ProjectConfigurationPlatforms) = postSolution
		{D4FB85ED-C50E-465A-B323-36420A990528}.Debug|x64.ActiveCfg = Debug|x64
		{D4FB85ED-C50E-465A-B323-36420A990528}.Debug|x64.Build.0 = Debug|x64
		{D4FB85ED-C50E-465A-B323-36420A990528}.Debug|x86.ActiveCfg = Debug|Win32
		{D4FB85ED-C50E-465A-B323-36420A990528}.Debug|x86.Build.0 = Debug|Win32
		{D4FB85ED-C50E-465A-B323-36420A990528}.Release|x64.ActiveCfg = Release|x64
		{D4FB85ED-C50E-465A-B323-36420A990528}.Release|x64.Build.0 = Release|x64
		{D4FB85ED-C50E-465A-B323-36420A990528}.Release|x86.ActiveCfg = Release|Win32
		{D4FB85ED-C50E-465A-B323-36420A990528}.Release|x86.Build.0 = Release|Win32
		{C626832A-286B-4166-AA39-24F5AD5B17E3}.Debug|x64.ActiveCfg = Debug|x64
		{C626832A-286B-4166-AA39-24F5AD5B17E3}.Debug|x64.Build.0 = Debug|x64
		{C626832A-286B-4166-AA39-24F5AD5B17E3}.Debug|x86.ActiveCfg = Debug|Win32
		{C626832A-286B-4166-AA39-24F5AD5B17E3}.Debug|x86.Build.0 = Debug|Win32
		{C626832A-286B-4166-AA39-24F5AD5B17E3}.Release|x64.ActiveCfg = Release|x64
		{C626832A-286B-4166-AA39-24F5AD5B17E3}.Release|x64.Build.0 = Release|x64
		{C626832A-286B-4166-AA39-24F5AD5B17E3}.Release|x86.ActiveCfg = Release|Win32
		{C626832A-286B-4166-AA39-24F5AD5B17E3}.Release|x86.Build.0 = Release|Win32
	EndGlobalSection
	GlobalSection(SolutionProperties) = preSolution
		HideSolutionNode = FALSE
	EndGlobalSection
	GlobalSection(ExtensibilityGlobals) = postSolution
		SolutionGuid = {2D3B67E5-921C-4529-ABC0-C6410F6420B3}
	EndGlobalSection
EndGlobal
