<?xml version="1.0" encoding="utf-8"?>
<Project ToolsVersion="4.0" xmlns="http://schemas.microsoft.com/developer/msbuild/2003">
  <ItemGroup>
    <Filter Include="Header Files">
      <UniqueIdentifier>{93995380-89BD-4b04-88EB-625FBE52EBFB}</UniqueIdentifier>
      <Extensions>h;hh;hpp;hxx;h++;hm;inl;inc;ipp;xsd</Extensions>
    </Filter>
    <Filter Include="Resource Files">
      <UniqueIdentifier>{67DA6AB6-F800-4c08-8B7A-83BB121AAD01}</UniqueIdentifier>
      <Extensions>rc;ico;cur;bmp;dlg;rc2;rct;bin;rgs;gif;jpg;jpeg;jpe;resx;tiff;tif;png;wav;mfcribbon-ms</Extensions>
    </Filter>
    <Filter Include="src">
      <UniqueIdentifier>{4FC737F1-C7A5-4376-A066-2A32D752A2FF}</UniqueIdentifier>
      <Extensions>cpp;c;cc;cxx;c++;cppm;ixx;def;odl;idl;hpj;bat;asm;asmx</Extensions>
    </Filter>
    <Filter Include="src\Bolt">
      <UniqueIdentifier>{909ca99c-76d1-4bfa-93e1-fcd4434817d2}</UniqueIdentifier>
    </Filter>
    <Filter Include="src\Components">
      <UniqueIdentifier>{83e35846-93c9-4a28-bd99-34aa649c8904}</UniqueIdentifier>
    </Filter>
    <Filter Include="src\Objects">
      <UniqueIdentifier>{768e4c59-198f-486c-97f2-dc7d56e3ac47}</UniqueIdentifier>
    </Filter>
  </ItemGroup>
  <ItemGroup>
    <ClInclude Include="Application.h">
      <Filter>src\Bolt</Filter>
    </ClInclude>
    <ClInclude Include="Core.h">
      <Filter>src\Bolt</Filter>
    </ClInclude>
    <ClInclude Include="Bolt.h">
      <Filter>src</Filter>
    </ClInclude>
    <ClInclude Include="EntryPoint.h">
      <Filter>src\Bolt</Filter>
    </ClInclude>
    <ClInclude Include="RenderSystem.h">
      <Filter>src</Filter>
    </ClInclude>
    <ClInclude Include="Components.h">
      <Filter>src</Filter>
    </ClInclude>
    <ClInclude Include="GameObject.h">
      <Filter>src</Filter>
    </ClInclude>
    <ClInclude Include="Transform.h">
      <Filter>src\Components</Filter>
    </ClInclude>
    <ClInclude Include="StackAllocator.h">
      <Filter>src</Filter>
    </ClInclude>
    <ClInclude Include="ResourceManager.h">
      <Filter>src</Filter>
    </ClInclude>
    <ClInclude Include="TexturedRectangle.h">
      <Filter>src\Objects</Filter>
    </ClInclude>
    <ClInclude Include="World.h">
      <Filter>src</Filter>
    </ClInclude>
  </ItemGroup>
  <ItemGroup>
    <ClCompile Include="Application.cpp">
      <Filter>src\Bolt</Filter>
    </ClCompile>
    <ClCompile Include="RenderSystem.cpp">
      <Filter>src</Filter>
    </ClCompile>
    <ClCompile Include="Components.cpp">
      <Filter>src</Filter>
    </ClCompile>
    <ClCompile Include="GameObject.cpp">
      <Filter>src</Filter>
    </ClCompile>
    <ClCompile Include="Transform.cpp">
      <Filter>src\Components</Filter>
    </ClCompile>
    <ClCompile Include="StackAllocator.cpp">
      <Filter>src</Filter>
    </ClCompile>
    <ClCompile Include="ResourceManager.cpp">
      <Filter>src</Filter>
    </ClCompile>
    <ClCompile Include="TexturedRectangle.cpp">
      <Filter>src\Objects</Filter>
    </ClCompile>
    <ClCompile Include="World.cpp">
      <Filter>src</Filter>
    </ClCompile>
  </ItemGroup>
</Project>